
Microsoft Visual Studio Solution File, Format Version 12.00
# Visual Studio 15
VisualStudioVersion = 15.0.26730.12
MinimumVisualStudioVersion = 10.0.40219.1
Project("{FAE04EC0-301F-11D3-BF4B-00C04F79EFBC}") = "LoadTester", "LoadTester\LoadTester.csproj", "{AA63E286-37CE-4D82-9166-898C433FAE9F}"
EndProject
Project("{FAE04EC0-301F-11D3-BF4B-00C04F79EFBC}") = "TestProject1", "TestProject1\TestProject1.csproj", "{C47A93BE-0D42-4C84-97EB-AF5AD85E1EEC}"
EndProject
Project("{2150E333-8FDC-42A3-9474-1A3956D46DE8}") = "Solution Items", "Solution Items", "{1DDE26E6-0AC9-4E25-870E-577AB24EB131}"
	ProjectSection(SolutionItems) = preProject
		GameOneSpecialTools.vsmdi = GameOneSpecialTools.vsmdi
		Local.testsettings = Local.testsettings
		TraceAndTestImpact.testsettings = TraceAndTestImpact.testsettings
	EndProjectSection
EndProject
Project("{FAE04EC0-301F-11D3-BF4B-00C04F79EFBC}") = "ConsoleTestApp", "ConsoleTestApp\ConsoleTestApp.csproj", "{24D8D29E-C61B-46C5-B9E1-0532058C6376}"
EndProject
Global
	GlobalSection(SolutionConfigurationPlatforms) = preSolution
		Debug|Any CPU = Debug|Any CPU
		Debug|x86 = Debug|x86
		Release|Any CPU = Release|Any CPU
		Release|x86 = Release|x86
	EndGlobalSection
	GlobalSection(ProjectConfigurationPlatforms) = postSolution
		{AA63E286-37CE-4D82-9166-898C433FAE9F}.Debug|Any CPU.ActiveCfg = Debug|Any CPU
		{AA63E286-37CE-4D82-9166-898C433FAE9F}.Debug|Any CPU.Build.0 = Debug|Any CPU
		{AA63E286-37CE-4D82-9166-898C433FAE9F}.Debug|x86.ActiveCfg = Debug|x86
		{AA63E286-37CE-4D82-9166-898C433FAE9F}.Debug|x86.Build.0 = Debug|x86
		{AA63E286-37CE-4D82-9166-898C433FAE9F}.Release|Any CPU.ActiveCfg = Release|Any CPU
		{AA63E286-37CE-4D82-9166-898C433FAE9F}.Release|Any CPU.Build.0 = Release|Any CPU
		{AA63E286-37CE-4D82-9166-898C433FAE9F}.Release|x86.ActiveCfg = Release|x86
		{AA63E286-37CE-4D82-9166-898C433FAE9F}.Release|x86.Build.0 = Release|x86
		{C47A93BE-0D42-4C84-97EB-AF5AD85E1EEC}.Debug|Any CPU.ActiveCfg = Debug|Any CPU
		{C47A93BE-0D42-4C84-97EB-AF5AD85E1EEC}.Debug|Any CPU.Build.0 = Debug|Any CPU
		{C47A93BE-0D42-4C84-97EB-AF5AD85E1EEC}.Debug|x86.ActiveCfg = Debug|Any CPU
		{C47A93BE-0D42-4C84-97EB-AF5AD85E1EEC}.Debug|x86.Build.0 = Debug|Any CPU
		{C47A93BE-0D42-4C84-97EB-AF5AD85E1EEC}.Release|Any CPU.ActiveCfg = Release|Any CPU
		{C47A93BE-0D42-4C84-97EB-AF5AD85E1EEC}.Release|x86.ActiveCfg = Release|Any CPU
		{24D8D29E-C61B-46C5-B9E1-0532058C6376}.Debug|Any CPU.ActiveCfg = Debug|Any CPU
		{24D8D29E-C61B-46C5-B9E1-0532058C6376}.Debug|Any CPU.Build.0 = Debug|Any CPU
		{24D8D29E-C61B-46C5-B9E1-0532058C6376}.Debug|x86.ActiveCfg = Debug|Any CPU
		{24D8D29E-C61B-46C5-B9E1-0532058C6376}.Debug|x86.Build.0 = Debug|Any CPU
		{24D8D29E-C61B-46C5-B9E1-0532058C6376}.Release|Any CPU.ActiveCfg = Release|Any CPU
		{24D8D29E-C61B-46C5-B9E1-0532058C6376}.Release|Any CPU.Build.0 = Release|Any CPU
		{24D8D29E-C61B-46C5-B9E1-0532058C6376}.Release|x86.ActiveCfg = Release|Any CPU
		{24D8D29E-C61B-46C5-B9E1-0532058C6376}.Release|x86.Build.0 = Release|Any CPU
	EndGlobalSection
	GlobalSection(SolutionProperties) = preSolution
		HideSolutionNode = FALSE
	EndGlobalSection
	GlobalSection(ExtensibilityGlobals) = postSolution
		SolutionGuid = {23A512B2-15FD-4E93-B3BC-A2615EC024AA}
	EndGlobalSection
	GlobalSection(TestCaseManagementSettings) = postSolution
		CategoryFile = GameOneSpecialTools.vsmdi
	EndGlobalSection
EndGlobal
